# THIS IS AN AUTOGENERATED FILE. DO NOT EDIT THIS FILE DIRECTLY.
# yarn lockfile v1


"@thombruce/fountain-js@^1.5.1":
  version "1.5.1"
  resolved "https://registry.yarnpkg.com/@thombruce/fountain-js/-/fountain-js-1.5.1.tgz#50dd0d9c5a79a61b293a5a97c220dc071a4d06cd"
  integrity sha512-/7cyazHt6Z4iZh/cF4t0dhIYWo1tuPorTyRnLZR5LwHh2ReSe/2JDzFsUT2ZuUR/iPmolcGhj6imkuXciaCXNQ==
